<?xml version="1.0"?>
<CONFIG>
  <ProjectOptions>
    <Version Value="7"/>
    <General>
      <Flags>
        <AlwaysBuild Value="False"/>
        <LRSInOutputDirectory Value="False"/>
      </Flags>
      <MainUnit Value="0"/>
      <AutoCreateForms Value="False"/>
      <TargetFileExt Value=""/>
      <Title Value="Z80 Pascal IDE"/>
      <ActiveEditorIndexAtStart Value="1"/>
    </General>
    <VersionInfo>
      <UseVersionInfo Value="True"/>
      <CurrentMajorRevNr Value="1"/>
      <ProjectVersion Value="0.1.0.0"/>
    </VersionInfo>
    <PublishOptions>
      <Version Value="2"/>
      <IgnoreBinaries Value="False"/>
      <IncludeFileFilter Value="*.(pas|pp|inc|lfm|lpr|lrs|lpi|lpk|sh|xml)"/>
      <ExcludeFileFilter Value="*.(bak|ppu|ppw|o|so);*~;backup"/>
    </PublishOptions>
    <RunParams>
      <local>
        <FormatVersion Value="1"/>
        <LaunchingApplication PathPlusParams="/usr/X11R6/bin/xterm -T 'Lazarus Run Output' -e $(LazarusDir)/tools/runwait.sh $(TargetCmdLine)"/>
      </local>
    </RunParams>
    <RequiredPackages Count="2">
      <Item1>
        <PackageName Value="SynEdit"/>
        <MinVersion Major="1" Valid="True"/>
      </Item1>
      <Item2>
        <PackageName Value="LCL"/>
      </Item2>
    </RequiredPackages>
    <Units Count="3">
      <Unit0>
        <Filename Value="z80pide.lpr"/>
        <IsPartOfProject Value="True"/>
        <UnitName Value="z80pide"/>
        <CursorPos X="1" Y="16"/>
        <TopLine Value="1"/>
        <EditorIndex Value="0"/>
        <UsageCount Value="22"/>
        <Loaded Value="True"/>
      </Unit0>
      <Unit1>
        <Filename Value="UnitMainWindow.pas"/>
        <IsPartOfProject Value="True"/>
        <ComponentName Value="MainWindow"/>
        <ResourceBaseClass Value="Form"/>
        <UnitName Value="UnitMainWindow"/>
        <CursorPos X="3" Y="105"/>
        <TopLine Value="73"/>
        <EditorIndex Value="1"/>
        <UsageCount Value="22"/>
        <Loaded Value="True"/>
      </Unit1>
      <Unit2>
        <Filename Value="UnitAboutDlg.pas"/>
        <IsPartOfProject Value="True"/>
        <ComponentName Value="AboutDialog"/>
        <ResourceBaseClass Value="Form"/>
        <UnitName Value="UnitAboutDlg"/>
        <CursorPos X="4" Y="35"/>
        <TopLine Value="1"/>
        <EditorIndex Value="2"/>
        <UsageCount Value="22"/>
        <Loaded Value="True"/>
      </Unit2>
    </Units>
    <JumpHistory Count="26" HistoryIndex="25">
      <Position1>
        <Filename Value="UnitMainWindow.pas"/>
        <Caret Line="51" Column="34" TopLine="32"/>
      </Position1>
      <Position2>
        <Filename Value="UnitMainWindow.pas"/>
        <Caret Line="26" Column="49" TopLine="17"/>
      </Position2>
      <Position3>
        <Filename Value="UnitMainWindow.pas"/>
        <Caret Line="43" Column="21" TopLine="19"/>
      </Position3>
      <Position4>
        <Filename Value="UnitMainWindow.pas"/>
        <Caret Line="24" Column="5" TopLine="19"/>
      </Position4>
      <Position5>
        <Filename Value="UnitMainWindow.pas"/>
        <Caret Line="29" Column="50" TopLine="24"/>
      </Position5>
      <Position6>
        <Filename Value="UnitMainWindow.pas"/>
        <Caret Line="56" Column="7" TopLine="42"/>
      </Position6>
      <Position7>
        <Filename Value="UnitMainWindow.pas"/>
        <Caret Line="52" Column="54" TopLine="38"/>
      </Position7>
      <Position8>
        <Filename Value="UnitMainWindow.pas"/>
        <Caret Line="54" Column="28" TopLine="38"/>
      </Position8>
      <Position9>
        <Filename Value="UnitMainWindow.pas"/>
        <Caret Line="52" Column="42" TopLine="38"/>
      </Position9>
      <Position10>
        <Filename Value="UnitMainWindow.pas"/>
        <Caret Line="30" Column="52" TopLine="29"/>
      </Position10>
      <Position11>
        <Filename Value="UnitMainWindow.pas"/>
        <Caret Line="29" Column="5" TopLine="27"/>
      </Position11>
      <Position12>
        <Filename Value="UnitMainWindow.pas"/>
        <Caret Line="64" Column="12" TopLine="26"/>
      </Position12>
      <Position13>
        <Filename Value="UnitMainWindow.pas"/>
        <Caret Line="39" Column="14" TopLine="1"/>
      </Position13>
      <Position14>
        <Filename Value="UnitMainWindow.pas"/>
        <Caret Line="41" Column="14" TopLine="3"/>
      </Position14>
      <Position15>
        <Filename Value="UnitMainWindow.pas"/>
        <Caret Line="32" Column="1" TopLine="17"/>
      </Position15>
      <Position16>
        <Filename Value="UnitMainWindow.pas"/>
        <Caret Line="31" Column="1" TopLine="17"/>
      </Position16>
      <Position17>
        <Filename Value="UnitMainWindow.pas"/>
        <Caret Line="32" Column="1" TopLine="17"/>
      </Position17>
      <Position18>
        <Filename Value="UnitMainWindow.pas"/>
        <Caret Line="82" Column="3" TopLine="62"/>
      </Position18>
      <Position19>
        <Filename Value="UnitMainWindow.pas"/>
        <Caret Line="49" Column="49" TopLine="37"/>
      </Position19>
      <Position20>
        <Filename Value="UnitMainWindow.pas"/>
        <Caret Line="55" Column="1" TopLine="17"/>
      </Position20>
      <Position21>
        <Filename Value="UnitMainWindow.pas"/>
        <Caret Line="57" Column="1" TopLine="19"/>
      </Position21>
      <Position22>
        <Filename Value="UnitMainWindow.pas"/>
        <Caret Line="89" Column="1" TopLine="65"/>
      </Position22>
      <Position23>
        <Filename Value="UnitMainWindow.pas"/>
        <Caret Line="96" Column="1" TopLine="65"/>
      </Position23>
      <Position24>
        <Filename Value="UnitMainWindow.pas"/>
        <Caret Line="52" Column="1" TopLine="41"/>
      </Position24>
      <Position25>
        <Filename Value="UnitMainWindow.pas"/>
        <Caret Line="103" Column="31" TopLine="84"/>
      </Position25>
      <Position26>
        <Filename Value="UnitMainWindow.pas"/>
        <Caret Line="74" Column="6" TopLine="60"/>
      </Position26>
    </JumpHistory>
  </ProjectOptions>
  <CompilerOptions>
    <Version Value="8"/>
    <Target>
      <Filename Value="../../bin/z80pide"/>
    </Target>
    <SearchPaths>
      <UnitOutputDirectory Value="../../obj/ide"/>
    </SearchPaths>
    <Parsing>
      <SyntaxOptions>
        <CStyleOperator Value="False"/>
        <AllowLabel Value="False"/>
        <UseAnsiStrings Value="True"/>
      </SyntaxOptions>
    </Parsing>
    <Linking>
      <Options>
        <Win32>
          <GraphicApplication Value="True"/>
        </Win32>
      </Options>
    </Linking>
    <Other>
      <CompilerPath Value="$(CompPath)"/>
    </Other>
  </CompilerOptions>
  <Debugging>
    <Exceptions Count="2">
      <Item1>
        <Name Value="ECodetoolError"/>
      </Item1>
      <Item2>
        <Name Value="EFOpenError"/>
      </Item2>
    </Exceptions>
  </Debugging>
</CONFIG>
