<?xml version="1.0"?>
<CONFIG>
  <ProjectOptions>
    <Version Value="7"/>
    <General>
      <Flags>
        <AlwaysBuild Value="False"/>
        <LRSInOutputDirectory Value="False"/>
      </Flags>
      <MainUnit Value="0"/>
      <AutoCreateForms Value="False"/>
      <TargetFileExt Value=""/>
      <Title Value="Z80 Pascal IDE"/>
      <ActiveEditorIndexAtStart Value="1"/>
    </General>
    <VersionInfo>
      <UseVersionInfo Value="True"/>
      <CurrentMajorRevNr Value="2"/>
      <ProjectVersion Value="0.1.0.0"/>
    </VersionInfo>
    <PublishOptions>
      <Version Value="2"/>
      <IgnoreBinaries Value="False"/>
      <IncludeFileFilter Value="*.(pas|pp|inc|lfm|lpr|lrs|lpi|lpk|sh|xml)"/>
      <ExcludeFileFilter Value="*.(bak|ppu|ppw|o|so);*~;backup"/>
    </PublishOptions>
    <RunParams>
      <local>
        <FormatVersion Value="1"/>
        <LaunchingApplication PathPlusParams="/usr/X11R6/bin/xterm -T 'Lazarus Run Output' -e $(LazarusDir)/tools/runwait.sh $(TargetCmdLine)"/>
      </local>
    </RunParams>
    <RequiredPackages Count="2">
      <Item1>
        <PackageName Value="SynEdit"/>
        <MinVersion Major="1" Valid="True"/>
      </Item1>
      <Item2>
        <PackageName Value="LCL"/>
      </Item2>
    </RequiredPackages>
    <Units Count="8">
      <Unit0>
        <Filename Value="z80pide.lpr"/>
        <IsPartOfProject Value="True"/>
        <UnitName Value="z80pide"/>
        <CursorPos X="1" Y="16"/>
        <TopLine Value="1"/>
        <EditorIndex Value="0"/>
        <UsageCount Value="26"/>
        <Loaded Value="True"/>
      </Unit0>
      <Unit1>
        <Filename Value="UnitMainWindow.pas"/>
        <IsPartOfProject Value="True"/>
        <ComponentName Value="MainWindow"/>
        <ResourceBaseClass Value="Form"/>
        <UnitName Value="UnitMainWindow"/>
        <CursorPos X="1" Y="98"/>
        <TopLine Value="49"/>
        <EditorIndex Value="1"/>
        <UsageCount Value="26"/>
        <Loaded Value="True"/>
      </Unit1>
      <Unit2>
        <Filename Value="UnitAboutDlg.pas"/>
        <IsPartOfProject Value="True"/>
        <ComponentName Value="AboutDialog"/>
        <ResourceBaseClass Value="Form"/>
        <UnitName Value="UnitAboutDlg"/>
        <CursorPos X="36" Y="18"/>
        <TopLine Value="1"/>
        <UsageCount Value="26"/>
      </Unit2>
      <Unit3>
        <Filename Value="../../../../../../usr/lib/lazarus/0.9.28.2/components/synedit/synedit.pp"/>
        <UnitName Value="SynEdit"/>
        <CursorPos X="15" Y="752"/>
        <TopLine Value="733"/>
        <UsageCount Value="10"/>
      </Unit3>
      <Unit4>
        <Filename Value="../../../../../../usr/lib/lazarus/0.9.28.2/components/synedit/syneditkeycmds.pp"/>
        <UnitName Value="SynEditKeyCmds"/>
        <CursorPos X="3" Y="241"/>
        <TopLine Value="221"/>
        <UsageCount Value="10"/>
      </Unit4>
      <Unit5>
        <Filename Value="../../../../../../usr/lib/lazarus/0.9.28.2/lcl/dialogs.pp"/>
        <UnitName Value="Dialogs"/>
        <CursorPos X="20" Y="495"/>
        <TopLine Value="481"/>
        <UsageCount Value="10"/>
      </Unit5>
      <Unit6>
        <Filename Value="../../../../../../usr/lib/lazarus/0.9.28.2/lcl/forms.pp"/>
        <UnitName Value="Forms"/>
        <CursorPos X="3" Y="69"/>
        <TopLine Value="49"/>
        <UsageCount Value="10"/>
      </Unit6>
      <Unit7>
        <Filename Value="../../../../../../usr/lib/lazarus/0.9.28.2/lcl/stdactns.pas"/>
        <UnitName Value="StdActns"/>
        <CursorPos X="27" Y="660"/>
        <TopLine Value="641"/>
        <UsageCount Value="10"/>
      </Unit7>
    </Units>
    <JumpHistory Count="28" HistoryIndex="27">
      <Position1>
        <Filename Value="UnitMainWindow.pas"/>
        <Caret Line="122" Column="8" TopLine="109"/>
      </Position1>
      <Position2>
        <Filename Value="UnitMainWindow.pas"/>
        <Caret Line="120" Column="123" TopLine="98"/>
      </Position2>
      <Position3>
        <Filename Value="UnitMainWindow.pas"/>
        <Caret Line="123" Column="7" TopLine="98"/>
      </Position3>
      <Position4>
        <Filename Value="UnitMainWindow.pas"/>
        <Caret Line="120" Column="32" TopLine="100"/>
      </Position4>
      <Position5>
        <Filename Value="UnitMainWindow.pas"/>
        <Caret Line="122" Column="34" TopLine="102"/>
      </Position5>
      <Position6>
        <Filename Value="UnitMainWindow.pas"/>
        <Caret Line="120" Column="17" TopLine="102"/>
      </Position6>
      <Position7>
        <Filename Value="UnitMainWindow.pas"/>
        <Caret Line="123" Column="1" TopLine="102"/>
      </Position7>
      <Position8>
        <Filename Value="UnitMainWindow.pas"/>
        <Caret Line="139" Column="8" TopLine="114"/>
      </Position8>
      <Position9>
        <Filename Value="UnitMainWindow.pas"/>
        <Caret Line="23" Column="22" TopLine="13"/>
      </Position9>
      <Position10>
        <Filename Value="UnitMainWindow.pas"/>
        <Caret Line="148" Column="24" TopLine="121"/>
      </Position10>
      <Position11>
        <Filename Value="UnitMainWindow.pas"/>
        <Caret Line="148" Column="39" TopLine="133"/>
      </Position11>
      <Position12>
        <Filename Value="UnitMainWindow.pas"/>
        <Caret Line="57" Column="35" TopLine="32"/>
      </Position12>
      <Position13>
        <Filename Value="UnitMainWindow.pas"/>
        <Caret Line="166" Column="1" TopLine="140"/>
      </Position13>
      <Position14>
        <Filename Value="UnitMainWindow.pas"/>
        <Caret Line="165" Column="1" TopLine="140"/>
      </Position14>
      <Position15>
        <Filename Value="UnitMainWindow.pas"/>
        <Caret Line="50" Column="1" TopLine="24"/>
      </Position15>
      <Position16>
        <Filename Value="UnitMainWindow.pas"/>
        <Caret Line="151" Column="1" TopLine="133"/>
      </Position16>
      <Position17>
        <Filename Value="UnitMainWindow.pas"/>
        <Caret Line="43" Column="1" TopLine="3"/>
      </Position17>
      <Position18>
        <Filename Value="UnitMainWindow.pas"/>
        <Caret Line="132" Column="1" TopLine="126"/>
      </Position18>
      <Position19>
        <Filename Value="UnitMainWindow.pas"/>
        <Caret Line="101" Column="10" TopLine="61"/>
      </Position19>
      <Position20>
        <Filename Value="UnitMainWindow.pas"/>
        <Caret Line="111" Column="1" TopLine="89"/>
      </Position20>
      <Position21>
        <Filename Value="UnitMainWindow.pas"/>
        <Caret Line="92" Column="78" TopLine="77"/>
      </Position21>
      <Position22>
        <Filename Value="UnitMainWindow.pas"/>
        <Caret Line="59" Column="3" TopLine="55"/>
      </Position22>
      <Position23>
        <Filename Value="UnitMainWindow.pas"/>
        <Caret Line="219" Column="35" TopLine="207"/>
      </Position23>
      <Position24>
        <Filename Value="UnitMainWindow.pas"/>
        <Caret Line="143" Column="53" TopLine="126"/>
      </Position24>
      <Position25>
        <Filename Value="UnitMainWindow.pas"/>
        <Caret Line="144" Column="53" TopLine="126"/>
      </Position25>
      <Position26>
        <Filename Value="UnitMainWindow.pas"/>
        <Caret Line="143" Column="53" TopLine="126"/>
      </Position26>
      <Position27>
        <Filename Value="UnitMainWindow.pas"/>
        <Caret Line="145" Column="53" TopLine="126"/>
      </Position27>
      <Position28>
        <Filename Value="UnitMainWindow.pas"/>
        <Caret Line="159" Column="3" TopLine="146"/>
      </Position28>
    </JumpHistory>
  </ProjectOptions>
  <CompilerOptions>
    <Version Value="8"/>
    <Target>
      <Filename Value="../../bin/z80pide"/>
    </Target>
    <SearchPaths>
      <UnitOutputDirectory Value="../../obj/ide"/>
    </SearchPaths>
    <Parsing>
      <SyntaxOptions>
        <CStyleOperator Value="False"/>
        <AllowLabel Value="False"/>
        <UseAnsiStrings Value="True"/>
      </SyntaxOptions>
    </Parsing>
    <Linking>
      <Options>
        <Win32>
          <GraphicApplication Value="True"/>
        </Win32>
      </Options>
    </Linking>
    <Other>
      <CompilerPath Value="$(CompPath)"/>
    </Other>
  </CompilerOptions>
  <Debugging>
    <Exceptions Count="2">
      <Item1>
        <Name Value="ECodetoolError"/>
      </Item1>
      <Item2>
        <Name Value="EFOpenError"/>
      </Item2>
    </Exceptions>
  </Debugging>
</CONFIG>
